
Microsoft Visual Studio Solution File, Format Version 12.00
# Visual Studio Version 16
VisualStudioVersion = 16.0.31005.135
MinimumVisualStudioVersion = 10.0.40219.1
Project("{FAE04EC0-301F-11D3-BF4B-00C04F79EFBC}") = "BN - Primitive Launcher", "BN - Primitive Launcher\BN - Primitive Launcher.csproj", "{AFD2582A-0556-448B-B9FD-E6A7B370CD49}"
EndProject
Global
	GlobalSection(SolutionConfigurationPlatforms) = preSolution
		Debug|Any CPU = Debug|Any CPU
		Release|Any CPU = Release|Any CPU
	EndGlobalSection
	GlobalSection(ProjectConfigurationPlatforms) = postSolution
		{AFD2582A-0556-448B-B9FD-E6A7B370CD49}.Debug|Any CPU.ActiveCfg = Debug|Any CPU
		{AFD2582A-0556-448B-B9FD-E6A7B370CD49}.Debug|Any CPU.Build.0 = Debug|Any CPU
		{AFD2582A-0556-448B-B9FD-E6A7B370CD49}.Release|Any CPU.ActiveCfg = Release|Any CPU
		{AFD2582A-0556-448B-B9FD-E6A7B370CD49}.Release|Any CPU.Build.0 = Release|Any CPU
	EndGlobalSection
	GlobalSection(SolutionProperties) = preSolution
		HideSolutionNode = FALSE
	EndGlobalSection
	GlobalSection(ExtensibilityGlobals) = postSolution
		SolutionGuid = {F696DD31-EBBA-4508-A63B-F1EA016C3848}
	EndGlobalSection
EndGlobal
